
Microsoft Visual Studio Solution File, Format Version 12.00
# Visual Studio Version 17
VisualStudioVersion = 17.8.34330.188
MinimumVisualStudioVersion = 10.0.40219.1
Project("{9A19103F-16F7-4668-BE54-9A1E7A4F7556}") = "OTUS_L15_HW", "ConsoleApp3\OTUS_L15_HW.csproj", "{992863AE-76E3-4436-96F0-6F8AB02D448E}"
EndProject
Global
	GlobalSection(SolutionConfigurationPlatforms) = preSolution
		Debug|Any CPU = Debug|Any CPU
		Release|Any CPU = Release|Any CPU
	EndGlobalSection
	GlobalSection(ProjectConfigurationPlatforms) = postSolution
		{992863AE-76E3-4436-96F0-6F8AB02D448E}.Debug|Any CPU.ActiveCfg = Debug|Any CPU
		{992863AE-76E3-4436-96F0-6F8AB02D448E}.Debug|Any CPU.Build.0 = Debug|Any CPU
		{992863AE-76E3-4436-96F0-6F8AB02D448E}.Release|Any CPU.ActiveCfg = Release|Any CPU
		{992863AE-76E3-4436-96F0-6F8AB02D448E}.Release|Any CPU.Build.0 = Release|Any CPU
	EndGlobalSection
	GlobalSection(SolutionProperties) = preSolution
		HideSolutionNode = FALSE
	EndGlobalSection
	GlobalSection(ExtensibilityGlobals) = postSolution
		SolutionGuid = {45A09787-DE89-4736-BA89-E162B6D25FF5}
	EndGlobalSection
EndGlobal
